
Microsoft Visual Studio Solution File, Format Version 12.00
# Visual Studio Version 16
VisualStudioVersion = 16.0.29519.181
MinimumVisualStudioVersion = 10.0.40219.1
Project("{9A19103F-16F7-4668-BE54-9A1E7A4F7556}") = "SnagitShare2Imgur", "SnagitShare2Imgur.csproj", "{DB27C175-A38A-43F1-B4BF-993D58C43648}"
EndProject
Global
	GlobalSection(SolutionConfigurationPlatforms) = preSolution
		Debug|Any CPU = Debug|Any CPU
		Release|Any CPU = Release|Any CPU
	EndGlobalSection
	GlobalSection(ProjectConfigurationPlatforms) = postSolution
		{DB27C175-A38A-43F1-B4BF-993D58C43648}.Debug|Any CPU.ActiveCfg = Debug|Any CPU
		{DB27C175-A38A-43F1-B4BF-993D58C43648}.Debug|Any CPU.Build.0 = Debug|Any CPU
		{DB27C175-A38A-43F1-B4BF-993D58C43648}.Release|Any CPU.ActiveCfg = Release|Any CPU
		{DB27C175-A38A-43F1-B4BF-993D58C43648}.Release|Any CPU.Build.0 = Release|Any CPU
	EndGlobalSection
	GlobalSection(SolutionProperties) = preSolution
		HideSolutionNode = FALSE
	EndGlobalSection
	GlobalSection(ExtensibilityGlobals) = postSolution
		SolutionGuid = {EE739DAE-61F9-454D-8817-A6FDC10469B8}
	EndGlobalSection
EndGlobal
